<?xml version="1.0" encoding="utf-8"?>
<Project ToolsVersion="4.0" xmlns="http://schemas.microsoft.com/developer/msbuild/2003">
  <ItemGroup>
    <Filter Include="Source Files">
      <UniqueIdentifier>{14cad454-1a59-46ff-b0da-d282ca92ff01}</UniqueIdentifier>
      <Extensions>cpp;c;cxx;rc;def;r;odl;idl;hpj;bat</Extensions>
    </Filter>
    <Filter Include="Header Files">
      <UniqueIdentifier>{ae9f38e6-7ff3-4ed5-be72-9cdb35684d0a}</UniqueIdentifier>
      <Extensions>h;hpp;hxx;hm;inl</Extensions>
    </Filter>
    <Filter Include="Resource Files">
      <UniqueIdentifier>{bb3ef092-030c-43ea-a595-1caebe490b39}</UniqueIdentifier>
      <Extensions>ico;cur;bmp;dlg;rc2;rct;bin;rgs;gif;jpg;jpeg;jpe</Extensions>
    </Filter>
  </ItemGroup>
  <ItemGroup>
    <ClCompile Include="AddStaticTable.cpp">
      <Filter>Source Files</Filter>
    </ClCompile>
    <ClCompile Include="ArpLayer.cpp">
      <Filter>Source Files</Filter>
    </ClCompile>
    <ClCompile Include="BaseLayer.cpp">
      <Filter>Source Files</Filter>
    </ClCompile>
    <ClCompile Include="DynamicRouter.cpp">
      <Filter>Source Files</Filter>
    </ClCompile>
    <ClCompile Include="DynamicRouterDlg.cpp">
      <Filter>Source Files</Filter>
    </ClCompile>
    <ClCompile Include="EthernetLayer.cpp">
      <Filter>Source Files</Filter>
    </ClCompile>
    <ClCompile Include="IpLayer.cpp">
      <Filter>Source Files</Filter>
    </ClCompile>
    <ClCompile Include="LayerManager.cpp">
      <Filter>Source Files</Filter>
    </ClCompile>
    <ClCompile Include="MyThread.cpp">
      <Filter>Source Files</Filter>
    </ClCompile>
    <ClCompile Include="PacketDriverLayer.cpp">
      <Filter>Source Files</Filter>
    </ClCompile>
    <ClCompile Include="ProxyARP.cpp">
      <Filter>Source Files</Filter>
    </ClCompile>
    <ClCompile Include="RIP.cpp">
      <Filter>Source Files</Filter>
    </ClCompile>
    <ClCompile Include="RoutingTable.cpp">
      <Filter>Source Files</Filter>
    </ClCompile>
    <ClCompile Include="StdAfx.cpp">
      <Filter>Source Files</Filter>
    </ClCompile>
    <ClCompile Include="UDP.cpp">
      <Filter>Source Files</Filter>
    </ClCompile>
  </ItemGroup>
  <ItemGroup>
    <ResourceCompile Include="DynamicRouter.rc">
      <Filter>Source Files</Filter>
    </ResourceCompile>
  </ItemGroup>
  <ItemGroup>
    <ClInclude Include="AddStaticTable.h">
      <Filter>Header Files</Filter>
    </ClInclude>
    <ClInclude Include="ArpLayer.h">
      <Filter>Header Files</Filter>
    </ClInclude>
    <ClInclude Include="BaseLayer.h">
      <Filter>Header Files</Filter>
    </ClInclude>
    <ClInclude Include="DynamicRouter.h">
      <Filter>Header Files</Filter>
    </ClInclude>
    <ClInclude Include="DynamicRouterDlg.h">
      <Filter>Header Files</Filter>
    </ClInclude>
    <ClInclude Include="EthernetLayer.h">
      <Filter>Header Files</Filter>
    </ClInclude>
    <ClInclude Include="IpLayer.h">
      <Filter>Header Files</Filter>
    </ClInclude>
    <ClInclude Include="LayerManager.h">
      <Filter>Header Files</Filter>
    </ClInclude>
    <ClInclude Include="MyThread.h">
      <Filter>Header Files</Filter>
    </ClInclude>
    <ClInclude Include="..\..\..\..\Program Files\Microsoft Visual Studio\VC98\WpdPack_4_0_2\WpdPack\Include\Packet32.h">
      <Filter>Header Files</Filter>
    </ClInclude>
    <ClInclude Include="PacketDriverLayer.h">
      <Filter>Header Files</Filter>
    </ClInclude>
    <ClInclude Include="ProxyARP.h">
      <Filter>Header Files</Filter>
    </ClInclude>
    <ClInclude Include="Resource.h">
      <Filter>Header Files</Filter>
    </ClInclude>
    <ClInclude Include="RIP.h">
      <Filter>Header Files</Filter>
    </ClInclude>
    <ClInclude Include="RoutingTable.h">
      <Filter>Header Files</Filter>
    </ClInclude>
    <ClInclude Include="StdAfx.h">
      <Filter>Header Files</Filter>
    </ClInclude>
    <ClInclude Include="UDP.h">
      <Filter>Header Files</Filter>
    </ClInclude>
  </ItemGroup>
  <ItemGroup>
    <CustomBuild Include="res\cursor1.cur">
      <Filter>Resource Files</Filter>
    </CustomBuild>
    <CustomBuild Include="res\DynamicRouter.ico">
      <Filter>Resource Files</Filter>
    </CustomBuild>
    <CustomBuild Include="res\DynamicRouter.rc2">
      <Filter>Resource Files</Filter>
    </CustomBuild>
    <CustomBuild Include="ReadMe.txt" />
  </ItemGroup>
</Project>